
Microsoft Visual Studio Solution File, Format Version 12.00
# Visual Studio 2013
VisualStudioVersion = 12.0.30501.0
MinimumVisualStudioVersion = 10.0.40219.1
Project("{FAE04EC0-301F-11D3-BF4B-00C04F79EFBC}") = "Thanks", "Thanks\Thanks.csproj", "{6941EC65-7B71-4A31-99AE-5B060DFBEC57}"
EndProject
Project("{FAE04EC0-301F-11D3-BF4B-00C04F79EFBC}") = "Thanks.Sample", "Thanks.Sample\Thanks.Sample.csproj", "{D99232A6-9187-4945-9FB6-06C8F5DA990B}"
EndProject
Global
	GlobalSection(SolutionConfigurationPlatforms) = preSolution
		Debug|Any CPU = Debug|Any CPU
		Release|Any CPU = Release|Any CPU
	EndGlobalSection
	GlobalSection(ProjectConfigurationPlatforms) = postSolution
		{6941EC65-7B71-4A31-99AE-5B060DFBEC57}.Debug|Any CPU.ActiveCfg = Debug|Any CPU
		{6941EC65-7B71-4A31-99AE-5B060DFBEC57}.Debug|Any CPU.Build.0 = Debug|Any CPU
		{6941EC65-7B71-4A31-99AE-5B060DFBEC57}.Release|Any CPU.ActiveCfg = Release|Any CPU
		{6941EC65-7B71-4A31-99AE-5B060DFBEC57}.Release|Any CPU.Build.0 = Release|Any CPU
		{D99232A6-9187-4945-9FB6-06C8F5DA990B}.Debug|Any CPU.ActiveCfg = Debug|Any CPU
		{D99232A6-9187-4945-9FB6-06C8F5DA990B}.Debug|Any CPU.Build.0 = Debug|Any CPU
		{D99232A6-9187-4945-9FB6-06C8F5DA990B}.Release|Any CPU.ActiveCfg = Release|Any CPU
		{D99232A6-9187-4945-9FB6-06C8F5DA990B}.Release|Any CPU.Build.0 = Release|Any CPU
	EndGlobalSection
	GlobalSection(SolutionProperties) = preSolution
		HideSolutionNode = FALSE
	EndGlobalSection
EndGlobal
